{
  "version": "3",
  "packages": {
    "specifiers": {
      "npm:memoize": "npm:memoize@10.0.0",
      "npm:memoize-one": "npm:memoize-one@6.0.0"
    },
    "npm": {
      "memoize-one@6.0.0": {
        "integrity": "sha512-rkpe71W0N0c0Xz6QD0eJETuWAJGnJ9afsl1srmwPrI+yBCkge5EycXXbYRyvL29zZVUWQCY7InPRCv3GDXuZNw==",
        "dependencies": {}
      },
      "memoize@10.0.0": {
        "integrity": "sha512-H6cBLgsi6vMWOcCpvVCdFFnl3kerEXbrYh9q+lY6VXvQSmM6CkmV08VOwT+WE2tzIEqRPFfAq3fm4v/UIW6mSA==",
        "dependencies": {
          "mimic-function": "mimic-function@5.0.0"
        }
      },
      "mimic-function@5.0.0": {
        "integrity": "sha512-RBfQ+9X9DpXdEoK7Bu+KeEU6vFhumEIiXKWECPzRBmDserEq4uR2b/VCm0LwpMSosoq2k+Zuxj/GzOr0Fn6h/g==",
        "dependencies": {}
      }
    }
  },
  "redirects": {
    "https://deno.land/std/testing/asserts.ts": "https://deno.land/std@0.209.0/testing/asserts.ts",
    "https://deno.land/x/equal/mod.ts": "https://deno.land/x/equal@v1.5.0/mod.ts",
    "https://deno.land/x/set_operations/mod.ts": "https://deno.land/x/set_operations@v1.1.1/mod.ts",
    "https://x.nest.land/arithmetic4@0.1.1/mod.ts": "https://qkmhap62qwfaasqzew54nnbu7ar42u43y356rpojsrtm2ravz4uq.arweave.net/gphwP9qFigBKGSW7xrQ0-CPNU5vG--i9yZRmzUQVzyk/mod.ts"
  },
  "remote": {
    "https://deno.land/std@0.208.0/assert/_constants.ts": "8a9da298c26750b28b326b297316cdde860bc237533b07e1337c021379e6b2a9",
    "https://deno.land/std@0.208.0/assert/_diff.ts": "58e1461cc61d8eb1eacbf2a010932bf6a05b79344b02ca38095f9b805795dc48",
    "https://deno.land/std@0.208.0/assert/_format.ts": "a69126e8a469009adf4cf2a50af889aca364c349797e63174884a52ff75cf4c7",
    "https://deno.land/std@0.208.0/assert/assert.ts": "9a97dad6d98c238938e7540736b826440ad8c1c1e54430ca4c4e623e585607ee",
    "https://deno.land/std@0.208.0/assert/assert_almost_equals.ts": "e15ca1f34d0d5e0afae63b3f5d975cbd18335a132e42b0c747d282f62ad2cd6c",
    "https://deno.land/std@0.208.0/assert/assert_array_includes.ts": "6856d7f2c3544bc6e62fb4646dfefa3d1df5ff14744d1bca19f0cbaf3b0d66c9",
    "https://deno.land/std@0.208.0/assert/assert_equals.ts": "d8ec8a22447fbaf2fc9d7c3ed2e66790fdb74beae3e482855d75782218d68227",
    "https://deno.land/std@0.208.0/assert/assert_exists.ts": "407cb6b9fb23a835cd8d5ad804e2e2edbbbf3870e322d53f79e1c7a512e2efd7",
    "https://deno.land/std@0.208.0/assert/assert_false.ts": "0ccbcaae910f52c857192ff16ea08bda40fdc79de80846c206bfc061e8c851c6",
    "https://deno.land/std@0.208.0/assert/assert_greater.ts": "ae2158a2d19313bf675bf7251d31c6dc52973edb12ac64ac8fc7064152af3e63",
    "https://deno.land/std@0.208.0/assert/assert_greater_or_equal.ts": "1439da5ebbe20855446cac50097ac78b9742abe8e9a43e7de1ce1426d556e89c",
    "https://deno.land/std@0.208.0/assert/assert_instance_of.ts": "3aedb3d8186e120812d2b3a5dea66a6e42bf8c57a8bd927645770bd21eea554c",
    "https://deno.land/std@0.208.0/assert/assert_is_error.ts": "c21113094a51a296ffaf036767d616a78a2ae5f9f7bbd464cd0197476498b94b",
    "https://deno.land/std@0.208.0/assert/assert_less.ts": "aec695db57db42ec3e2b62e97e1e93db0063f5a6ec133326cc290ff4b71b47e4",
    "https://deno.land/std@0.208.0/assert/assert_less_or_equal.ts": "5fa8b6a3ffa20fd0a05032fe7257bf985d207b85685fdbcd23651b70f928c848",
    "https://deno.land/std@0.208.0/assert/assert_match.ts": "c4083f80600bc190309903c95e397a7c9257ff8b5ae5c7ef91e834704e672e9b",
    "https://deno.land/std@0.208.0/assert/assert_not_equals.ts": "9f1acab95bd1f5fc9a1b17b8027d894509a745d91bac1718fdab51dc76831754",
    "https://deno.land/std@0.208.0/assert/assert_not_instance_of.ts": "0c14d3dfd9ab7a5276ed8ed0b18c703d79a3d106102077ec437bfe7ed912bd22",
    "https://deno.land/std@0.208.0/assert/assert_not_match.ts": "3796a5b0c57a1ce6c1c57883dd4286be13a26f715ea662318ab43a8491a13ab0",
    "https://deno.land/std@0.208.0/assert/assert_not_strict_equals.ts": "4cdef83df17488df555c8aac1f7f5ec2b84ad161b6d0645ccdbcc17654e80c99",
    "https://deno.land/std@0.208.0/assert/assert_object_match.ts": "d8fc2867cfd92eeacf9cea621e10336b666de1874a6767b5ec48988838370b54",
    "https://deno.land/std@0.208.0/assert/assert_rejects.ts": "45c59724de2701e3b1f67c391d6c71c392363635aad3f68a1b3408f9efca0057",
    "https://deno.land/std@0.208.0/assert/assert_strict_equals.ts": "b1f538a7ea5f8348aeca261d4f9ca603127c665e0f2bbfeb91fa272787c87265",
    "https://deno.land/std@0.208.0/assert/assert_string_includes.ts": "b821d39ebf5cb0200a348863c86d8c4c4b398e02012ce74ad15666fc4b631b0c",
    "https://deno.land/std@0.208.0/assert/assert_throws.ts": "63784e951475cb7bdfd59878cd25a0931e18f6dc32a6077c454b2cd94f4f4bcd",
    "https://deno.land/std@0.208.0/assert/assertion_error.ts": "4d0bde9b374dfbcbe8ac23f54f567b77024fb67dbb1906a852d67fe050d42f56",
    "https://deno.land/std@0.208.0/assert/equal.ts": "9f1a46d5993966d2596c44e5858eec821859b45f783a5ee2f7a695dfc12d8ece",
    "https://deno.land/std@0.208.0/assert/fail.ts": "c36353d7ae6e1f7933d45f8ea51e358c8c4b67d7e7502028598fe1fea062e278",
    "https://deno.land/std@0.208.0/assert/mod.ts": "37c49a26aae2b254bbe25723434dc28cd7532e444cf0b481a97c045d110ec085",
    "https://deno.land/std@0.208.0/assert/unimplemented.ts": "d56fbeecb1f108331a380f72e3e010a1f161baa6956fd0f7cf3e095ae1a4c75a",
    "https://deno.land/std@0.208.0/assert/unreachable.ts": "4600dc0baf7d9c15a7f7d234f00c23bca8f3eba8b140286aaca7aa998cf9a536",
    "https://deno.land/std@0.208.0/fmt/colors.ts": "34b3f77432925eb72cf0bfb351616949746768620b8e5ead66da532f93d10ba2",
    "https://deno.land/x/fonction@v1.6.2/src/NN.ts": "5eaf063ed232735290376373348c3c400019a18947963609990d25c7bd090686",
    "https://deno.land/x/fonction@v1.6.2/src/_/has.ts": "281ad9dc785d8ea17743ae4586c4f66c10e50b4d68ed316b794d872542665462",
    "https://deno.land/x/fonction@v1.6.2/src/_/hasPath.ts": "541af5c1b74ba51eed12001cb84ad859877b0cff3d3d79b2b060bc17ae59bab3",
    "https://deno.land/x/fonction@v1.6.2/src/and.ts": "ed9aa4a5ceca25016669adf0172282b6303f37e7eba9222f9de02da9974163c0",
    "https://deno.land/x/fonction@v1.6.2/src/constants/index.ts": "92fe5066a54f85f53136040496bb6e7d5096f7497dddc39f370d613bb77146ca",
    "https://deno.land/x/fonction@v1.6.2/src/first.ts": "756a15493520969f50940aa5b1553ecd63643440aebaa70a9225a91f77fde618",
    "https://deno.land/x/fonction@v1.6.2/src/ifElse.ts": "503c53bb3f6fb3c7a5d00730f378fe8898409c4bfc625c034fcf03883196ddc6",
    "https://deno.land/x/fonction@v1.6.2/src/isArray.ts": "6184ffb79f5072b711d33027dac70a921328248a2f34acb751df9059cb3c1ba9",
    "https://deno.land/x/fonction@v1.6.2/src/isBigint.ts": "c13a602dfaa86d5ab4d30420bb25139fcf211268297ed4f618a873e9a0d90285",
    "https://deno.land/x/fonction@v1.6.2/src/isBoolean.ts": "53bf4d117e71f7c60f34d423dc0652da6b60fb947fcf6f29989a9c2ba4b03b10",
    "https://deno.land/x/fonction@v1.6.2/src/isNill.ts": "fee7ea97dabc46057245dd6a9ffd0401cd8ab13efdbe49f49ef9634ddc95421e",
    "https://deno.land/x/fonction@v1.6.2/src/isNull.ts": "1c80e4d029d7b05b6ed86f2ac13c25f2ada7e99058c9bce0ad447775ee9db844",
    "https://deno.land/x/fonction@v1.6.2/src/isNumber.ts": "8741b00e3b200304d0ef22f2fc6d79922e71bb0c15a07b4170a8bbb01e6c85c3",
    "https://deno.land/x/fonction@v1.6.2/src/isObject.ts": "43e7778e7791cb622e7f03b3563370ea932fc9f52473a5a04450b482828633c2",
    "https://deno.land/x/fonction@v1.6.2/src/isPrimitive.ts": "740158f74c53a6e6ea64fd53d46f9e23aa0973aa5557388aa7236298dcd2d507",
    "https://deno.land/x/fonction@v1.6.2/src/isString.ts": "2d30a56c2641fdbb8a2b873af956062dcf8960b4977f2ff76a1d6af6149b1227",
    "https://deno.land/x/fonction@v1.6.2/src/isSymbol.ts": "0a62227b416122c9660808b55881939a30faeee93aedb450eb6df0447763eb8a",
    "https://deno.land/x/fonction@v1.6.2/src/isUndefined.ts": "cb7bcf8637e46d45f9873dd53a4b88a65c13e8ad3b1b42d2f1c9b2cb3befc8a7",
    "https://deno.land/x/fonction@v1.6.2/src/length.ts": "b9ca67331ce9c9dadded1af90fc3ab6234a85a0b451b8a1fba748726226a9d58",
    "https://deno.land/x/fonction@v1.6.2/src/lt.ts": "9f2036866227f7b9ce4dfa136f68326f6c9eef6aa8435b231431a7e611c4dcc1",
    "https://deno.land/x/fonction@v1.6.2/src/not.ts": "b593522579b78d54e1b9697d26b5fa251d0ea041e3e9a9918e1776ca2a24055d",
    "https://deno.land/x/fonction@v1.6.2/src/or.ts": "16aa8fe37ece0994bde5605299b76c2b16ed4c2a8181ea64a40c137469df03bd",
    "https://deno.land/x/fonction@v1.6.2/src/slice.ts": "d99dbbc3d4581c1f48b7aec30f09f95eb7c86b0cebaa9236f85005f4849d6a46",
    "https://deno.land/x/fonction@v1.6.2/src/tail.ts": "61939fa965f2dd4f216c4d80f99d37341b72412ad8ee5e77cfff3a5183084cc2",
    "https://deno.land/x/fonction@v1.6.2/src/take.ts": "208900d4c19a967fd117f7602e18aaa8305e995444d4787cee22ccaa5e1b16dc",
    "https://deno.land/x/fonction@v1.6.2/src/types/index.ts": "e6540d9e647709ce4496120d73e2ae21f2e54e817cd35b55cf50b407abf9c715",
    "https://deno.land/x/set_operations@v1.1.1/mod.ts": "218f43b18435762dc256cc4ec14baebb0902663b29c5110415bcb95bf0b3aee2",
    "https://deno.land/x/set_operations@v1.1.1/set_operations.ts": "47c9ff60a31f3671fb9943e51dbb21fa85a50b659de52c8fde80c9396d612151",
    "https://qkmhap62qwfaasqzew54nnbu7ar42u43y356rpojsrtm2ravz4uq.arweave.net/gphwP9qFigBKGSW7xrQ0-CPNU5vG--i9yZRmzUQVzyk/mod.ts": "1b908a97d591f4228e3cce0de52eb1468eb949a78030d8769c0cfa60eecb9e27",
    "https://qkmhap62qwfaasqzew54nnbu7ar42u43y356rpojsrtm2ravz4uq.arweave.net/gphwP9qFigBKGSW7xrQ0-CPNU5vG--i9yZRmzUQVzyk/src/add/deno.ts": "40d4f305fddca9e4607ff3926198c9964be4bf222fda7674428f1b68d0290c78",
    "https://qkmhap62qwfaasqzew54nnbu7ar42u43y356rpojsrtm2ravz4uq.arweave.net/gphwP9qFigBKGSW7xrQ0-CPNU5vG--i9yZRmzUQVzyk/src/constants/deno.ts": "11eaee6a9f2af09d83b6232f7abaf87744865ce39c777f4582d9bb7e77c1a17a",
    "https://qkmhap62qwfaasqzew54nnbu7ar42u43y356rpojsrtm2ravz4uq.arweave.net/gphwP9qFigBKGSW7xrQ0-CPNU5vG--i9yZRmzUQVzyk/src/divide/deno.ts": "82f2bdc831e52acc6c671fc03449b98c132dfed7be719abcd9ba3576da4e2965",
    "https://qkmhap62qwfaasqzew54nnbu7ar42u43y356rpojsrtm2ravz4uq.arweave.net/gphwP9qFigBKGSW7xrQ0-CPNU5vG--i9yZRmzUQVzyk/src/multiply/deno.ts": "da78ef7d36c15ee8adb4dcf86594ae4c9f8eabf67b628342d4f235b07552b154",
    "https://qkmhap62qwfaasqzew54nnbu7ar42u43y356rpojsrtm2ravz4uq.arweave.net/gphwP9qFigBKGSW7xrQ0-CPNU5vG--i9yZRmzUQVzyk/src/subtract/deno.ts": "6d81f96b21a66db7f38fb8a0df2245d9c09ac5acca634be873b993dae5128244",
    "https://qkmhap62qwfaasqzew54nnbu7ar42u43y356rpojsrtm2ravz4uq.arweave.net/gphwP9qFigBKGSW7xrQ0-CPNU5vG--i9yZRmzUQVzyk/src/types/deno.ts": "4aad6c7484e93f6275405bdcc40ba3d4cea5ab315169a30658683fd26b5f5326",
    "https://qkmhap62qwfaasqzew54nnbu7ar42u43y356rpojsrtm2ravz4uq.arweave.net/gphwP9qFigBKGSW7xrQ0-CPNU5vG--i9yZRmzUQVzyk/src/utils/deno.ts": "e3e9695a01f7d2cd6ebacaac9110b2def54f1920483a900d644841fe658ee9c4"
  }
}
